// !$*UTF8*$!
{
	archiveVersion = 1;
	classes = {
	};
	objectVersion = 56;
	objects = {

/* Begin PBXBuildFile section */
		435148B92B8BBE4D00AD6FFF /* LoadingState.swift in Sources */ = {isa = PBXBuildFile; fileRef = 435148B82B8BBE4D00AD6FFF /* LoadingState.swift */; };
		435148BC2B8BBF5700AD6FFF /* MoviesRepository.swift in Sources */ = {isa = PBXBuildFile; fileRef = 435148BB2B8BBF5700AD6FFF /* MoviesRepository.swift */; };
		435148BF2B8BE72400AD6FFF /* Kingfisher in Frameworks */ = {isa = PBXBuildFile; productRef = 435148BE2B8BE72400AD6FFF /* Kingfisher */; };
		435624762B8976050004F529 /* CinePeakApp.swift in Sources */ = {isa = PBXBuildFile; fileRef = 435624752B8976050004F529 /* CinePeakApp.swift */; };
		435624782B8976050004F529 /* PopularMoviesListView.swift in Sources */ = {isa = PBXBuildFile; fileRef = 435624772B8976050004F529 /* PopularMoviesListView.swift */; };
		4356247A2B8976070004F529 /* Assets.xcassets in Resources */ = {isa = PBXBuildFile; fileRef = 435624792B8976070004F529 /* Assets.xcassets */; };
		4356247E2B8976070004F529 /* Preview Assets.xcassets in Resources */ = {isa = PBXBuildFile; fileRef = 4356247D2B8976070004F529 /* Preview Assets.xcassets */; };
		435624882B8976070004F529 /* CinePeakTests.swift in Sources */ = {isa = PBXBuildFile; fileRef = 435624872B8976070004F529 /* CinePeakTests.swift */; };
		43712E962B8A8DA60024B807 /* AppCoordinator.swift in Sources */ = {isa = PBXBuildFile; fileRef = 43712E952B8A8DA60024B807 /* AppCoordinator.swift */; };
		43712E982B8A8DB20024B807 /* DependencyContainer.swift in Sources */ = {isa = PBXBuildFile; fileRef = 43712E972B8A8DB20024B807 /* DependencyContainer.swift */; };
		43712E9B2B8A90360024B807 /* PopularMoviesListViewModel.swift in Sources */ = {isa = PBXBuildFile; fileRef = 43712E9A2B8A90360024B807 /* PopularMoviesListViewModel.swift */; };
		43A379322B8A27000090BC7B /* NetworkKit in Resources */ = {isa = PBXBuildFile; fileRef = 43A379312B8A27000090BC7B /* NetworkKit */; };
		43A379352B8A276D0090BC7B /* NetworkKit in Frameworks */ = {isa = PBXBuildFile; productRef = 43A379342B8A276D0090BC7B /* NetworkKit */; };
		43A9840F2B89870F0093E0E3 /* Localizable.xcstrings in Resources */ = {isa = PBXBuildFile; fileRef = 43A9840E2B89870F0093E0E3 /* Localizable.xcstrings */; };
		43B320E12B8B012D00659A37 /* LaunchScreen.storyboard in Resources */ = {isa = PBXBuildFile; fileRef = 43B320E02B8B012D00659A37 /* LaunchScreen.storyboard */; };
		43EDAC4E2B8A3A6700D2EF44 /* Environment.swift in Sources */ = {isa = PBXBuildFile; fileRef = 43EDAC4D2B8A3A6700D2EF44 /* Environment.swift */; };
		43EDAC522B8A47C500D2EF44 /* MoviesDBApi.swift in Sources */ = {isa = PBXBuildFile; fileRef = 43EDAC512B8A47C500D2EF44 /* MoviesDBApi.swift */; };
		43EDAC542B8A4B5B00D2EF44 /* Movie.swift in Sources */ = {isa = PBXBuildFile; fileRef = 43EDAC532B8A4B5B00D2EF44 /* Movie.swift */; };
		43EDAC562B8A4C3A00D2EF44 /* PaginatedResponse.swift in Sources */ = {isa = PBXBuildFile; fileRef = 43EDAC552B8A4C3A00D2EF44 /* PaginatedResponse.swift */; };
/* End PBXBuildFile section */

/* Begin PBXContainerItemProxy section */
		435624842B8976070004F529 /* PBXContainerItemProxy */ = {
			isa = PBXContainerItemProxy;
			containerPortal = 4356246A2B8976050004F529 /* Project object */;
			proxyType = 1;
			remoteGlobalIDString = 435624712B8976050004F529;
			remoteInfo = CinePeak;
		};
/* End PBXContainerItemProxy section */

/* Begin PBXFileReference section */
		435148B82B8BBE4D00AD6FFF /* LoadingState.swift */ = {isa = PBXFileReference; lastKnownFileType = sourcecode.swift; path = LoadingState.swift; sourceTree = "<group>"; };
		435148BB2B8BBF5700AD6FFF /* MoviesRepository.swift */ = {isa = PBXFileReference; lastKnownFileType = sourcecode.swift; path = MoviesRepository.swift; sourceTree = "<group>"; };
		435624722B8976050004F529 /* CinePeak.app */ = {isa = PBXFileReference; explicitFileType = wrapper.application; includeInIndex = 0; path = CinePeak.app; sourceTree = BUILT_PRODUCTS_DIR; };
		435624752B8976050004F529 /* CinePeakApp.swift */ = {isa = PBXFileReference; lastKnownFileType = sourcecode.swift; path = CinePeakApp.swift; sourceTree = "<group>"; };
		435624772B8976050004F529 /* PopularMoviesListView.swift */ = {isa = PBXFileReference; lastKnownFileType = sourcecode.swift; path = PopularMoviesListView.swift; sourceTree = "<group>"; };
		435624792B8976070004F529 /* Assets.xcassets */ = {isa = PBXFileReference; lastKnownFileType = folder.assetcatalog; path = Assets.xcassets; sourceTree = "<group>"; };
		4356247B2B8976070004F529 /* CinePeak.entitlements */ = {isa = PBXFileReference; lastKnownFileType = text.plist.entitlements; path = CinePeak.entitlements; sourceTree = "<group>"; };
		4356247D2B8976070004F529 /* Preview Assets.xcassets */ = {isa = PBXFileReference; lastKnownFileType = folder.assetcatalog; path = "Preview Assets.xcassets"; sourceTree = "<group>"; };
		435624832B8976070004F529 /* CinePeakTests.xctest */ = {isa = PBXFileReference; explicitFileType = wrapper.cfbundle; includeInIndex = 0; path = CinePeakTests.xctest; sourceTree = BUILT_PRODUCTS_DIR; };
		435624872B8976070004F529 /* CinePeakTests.swift */ = {isa = PBXFileReference; lastKnownFileType = sourcecode.swift; path = CinePeakTests.swift; sourceTree = "<group>"; };
		43712E952B8A8DA60024B807 /* AppCoordinator.swift */ = {isa = PBXFileReference; lastKnownFileType = sourcecode.swift; path = AppCoordinator.swift; sourceTree = "<group>"; };
		43712E972B8A8DB20024B807 /* DependencyContainer.swift */ = {isa = PBXFileReference; lastKnownFileType = sourcecode.swift; path = DependencyContainer.swift; sourceTree = "<group>"; };
		43712E9A2B8A90360024B807 /* PopularMoviesListViewModel.swift */ = {isa = PBXFileReference; lastKnownFileType = sourcecode.swift; path = PopularMoviesListViewModel.swift; sourceTree = "<group>"; };
		43A379312B8A27000090BC7B /* NetworkKit */ = {isa = PBXFileReference; lastKnownFileType = wrapper; path = NetworkKit; sourceTree = "<group>"; };
		43A9840C2B8985E00093E0E3 /* Prod.xcconfig */ = {isa = PBXFileReference; lastKnownFileType = text.xcconfig; path = Prod.xcconfig; sourceTree = "<group>"; };
		43A9840E2B89870F0093E0E3 /* Localizable.xcstrings */ = {isa = PBXFileReference; lastKnownFileType = text.json.xcstrings; path = Localizable.xcstrings; sourceTree = "<group>"; };
		43A984102B898B8D0093E0E3 /* Info.plist */ = {isa = PBXFileReference; lastKnownFileType = text.plist.xml; path = Info.plist; sourceTree = "<group>"; };
		43B320E02B8B012D00659A37 /* LaunchScreen.storyboard */ = {isa = PBXFileReference; lastKnownFileType = file.storyboard; path = LaunchScreen.storyboard; sourceTree = "<group>"; };
		43EDAC4D2B8A3A6700D2EF44 /* Environment.swift */ = {isa = PBXFileReference; lastKnownFileType = sourcecode.swift; path = Environment.swift; sourceTree = "<group>"; };
		43EDAC512B8A47C500D2EF44 /* MoviesDBApi.swift */ = {isa = PBXFileReference; lastKnownFileType = sourcecode.swift; path = MoviesDBApi.swift; sourceTree = "<group>"; };
		43EDAC532B8A4B5B00D2EF44 /* Movie.swift */ = {isa = PBXFileReference; lastKnownFileType = sourcecode.swift; path = Movie.swift; sourceTree = "<group>"; };
		43EDAC552B8A4C3A00D2EF44 /* PaginatedResponse.swift */ = {isa = PBXFileReference; lastKnownFileType = sourcecode.swift; path = PaginatedResponse.swift; sourceTree = "<group>"; };
/* End PBXFileReference section */

/* Begin PBXFrameworksBuildPhase section */
		4356246F2B8976050004F529 /* Frameworks */ = {
			isa = PBXFrameworksBuildPhase;
			buildActionMask = 2147483647;
			files = (
				435148BF2B8BE72400AD6FFF /* Kingfisher in Frameworks */,
				43A379352B8A276D0090BC7B /* NetworkKit in Frameworks */,
			);
			runOnlyForDeploymentPostprocessing = 0;
		};
		435624802B8976070004F529 /* Frameworks */ = {
			isa = PBXFrameworksBuildPhase;
			buildActionMask = 2147483647;
			files = (
			);
			runOnlyForDeploymentPostprocessing = 0;
		};
/* End PBXFrameworksBuildPhase section */

/* Begin PBXGroup section */
		435148BA2B8BBF4500AD6FFF /* Repositories */ = {
			isa = PBXGroup;
			children = (
				435148BB2B8BBF5700AD6FFF /* MoviesRepository.swift */,
			);
			path = Repositories;
			sourceTree = "<group>";
		};
		435624692B8976050004F529 = {
			isa = PBXGroup;
			children = (
				435624742B8976050004F529 /* CinePeak */,
				435624862B8976070004F529 /* CinePeakTests */,
				43A379302B8A26A60090BC7B /* Packages */,
				435624732B8976050004F529 /* Products */,
				43A379332B8A276D0090BC7B /* Frameworks */,
			);
			sourceTree = "<group>";
		};
		435624732B8976050004F529 /* Products */ = {
			isa = PBXGroup;
			children = (
				435624722B8976050004F529 /* CinePeak.app */,
				435624832B8976070004F529 /* CinePeakTests.xctest */,
			);
			name = Products;
			sourceTree = "<group>";
		};
		435624742B8976050004F529 /* CinePeak */ = {
			isa = PBXGroup;
			children = (
				43712E942B8A8D9B0024B807 /* Coordinator */,
				43EDAC4F2B8A478C00D2EF44 /* Network */,
				43A984092B8983340093E0E3 /* Resources */,
				43A379362B8A286F0090BC7B /* Scenes */,
				43EDAC4C2B8A3A1D00D2EF44 /* Utils */,
				435624752B8976050004F529 /* CinePeakApp.swift */,
			);
			path = CinePeak;
			sourceTree = "<group>";
		};
		435624862B8976070004F529 /* CinePeakTests */ = {
			isa = PBXGroup;
			children = (
				435624872B8976070004F529 /* CinePeakTests.swift */,
			);
			path = CinePeakTests;
			sourceTree = "<group>";
		};
		43712E942B8A8D9B0024B807 /* Coordinator */ = {
			isa = PBXGroup;
			children = (
				43712E952B8A8DA60024B807 /* AppCoordinator.swift */,
				43712E972B8A8DB20024B807 /* DependencyContainer.swift */,
			);
			path = Coordinator;
			sourceTree = "<group>";
		};
		43712E992B8A90280024B807 /* PopularMoviesListView */ = {
			isa = PBXGroup;
			children = (
				435624772B8976050004F529 /* PopularMoviesListView.swift */,
				43712E9A2B8A90360024B807 /* PopularMoviesListViewModel.swift */,
			);
			path = PopularMoviesListView;
			sourceTree = "<group>";
		};
		43A379302B8A26A60090BC7B /* Packages */ = {
			isa = PBXGroup;
			children = (
				43A379312B8A27000090BC7B /* NetworkKit */,
			);
			path = Packages;
			sourceTree = "<group>";
		};
		43A379332B8A276D0090BC7B /* Frameworks */ = {
			isa = PBXGroup;
			children = (
			);
			name = Frameworks;
			sourceTree = "<group>";
		};
		43A379362B8A286F0090BC7B /* Scenes */ = {
			isa = PBXGroup;
			children = (
				43712E992B8A90280024B807 /* PopularMoviesListView */,
			);
			path = Scenes;
			sourceTree = "<group>";
		};
		43A984092B8983340093E0E3 /* Resources */ = {
			isa = PBXGroup;
			children = (
				43A9840A2B8985760093E0E3 /* Assets */,
				4356247B2B8976070004F529 /* CinePeak.entitlements */,
				43A9840C2B8985E00093E0E3 /* Prod.xcconfig */,
				43A984102B898B8D0093E0E3 /* Info.plist */,
				43A9840D2B8986C20093E0E3 /* Localization */,
				43B320E02B8B012D00659A37 /* LaunchScreen.storyboard */,
			);
			path = Resources;
			sourceTree = "<group>";
		};
		43A9840A2B8985760093E0E3 /* Assets */ = {
			isa = PBXGroup;
			children = (
				435624792B8976070004F529 /* Assets.xcassets */,
				43A9840B2B8985870093E0E3 /* Preview */,
			);
			path = Assets;
			sourceTree = "<group>";
		};
		43A9840B2B8985870093E0E3 /* Preview */ = {
			isa = PBXGroup;
			children = (
				4356247D2B8976070004F529 /* Preview Assets.xcassets */,
			);
			path = Preview;
			sourceTree = "<group>";
		};
		43A9840D2B8986C20093E0E3 /* Localization */ = {
			isa = PBXGroup;
			children = (
				43A9840E2B89870F0093E0E3 /* Localizable.xcstrings */,
			);
			path = Localization;
			sourceTree = "<group>";
		};
		43EDAC4C2B8A3A1D00D2EF44 /* Utils */ = {
			isa = PBXGroup;
			children = (
				43EDAC4D2B8A3A6700D2EF44 /* Environment.swift */,
			);
			path = Utils;
			sourceTree = "<group>";
		};
		43EDAC4F2B8A478C00D2EF44 /* Network */ = {
			isa = PBXGroup;
			children = (
				435148BA2B8BBF4500AD6FFF /* Repositories */,
				43EDAC502B8A47B800D2EF44 /* Models */,
				43EDAC512B8A47C500D2EF44 /* MoviesDBApi.swift */,
				435148B82B8BBE4D00AD6FFF /* LoadingState.swift */,
			);
			path = Network;
			sourceTree = "<group>";
		};
		43EDAC502B8A47B800D2EF44 /* Models */ = {
			isa = PBXGroup;
			children = (
				43EDAC532B8A4B5B00D2EF44 /* Movie.swift */,
				43EDAC552B8A4C3A00D2EF44 /* PaginatedResponse.swift */,
			);
			path = Models;
			sourceTree = "<group>";
		};
/* End PBXGroup section */

/* Begin PBXNativeTarget section */
		435624712B8976050004F529 /* CinePeak */ = {
			isa = PBXNativeTarget;
			buildConfigurationList = 435624972B8976070004F529 /* Build configuration list for PBXNativeTarget "CinePeak" */;
			buildPhases = (
				4356246E2B8976050004F529 /* Sources */,
				4356246F2B8976050004F529 /* Frameworks */,
				435624702B8976050004F529 /* Resources */,
			);
			buildRules = (
			);
			dependencies = (
			);
			name = CinePeak;
			packageProductDependencies = (
				43A379342B8A276D0090BC7B /* NetworkKit */,
				435148BE2B8BE72400AD6FFF /* Kingfisher */,
			);
			productName = CinePeak;
			productReference = 435624722B8976050004F529 /* CinePeak.app */;
			productType = "com.apple.product-type.application";
		};
		435624822B8976070004F529 /* CinePeakTests */ = {
			isa = PBXNativeTarget;
			buildConfigurationList = 4356249A2B8976070004F529 /* Build configuration list for PBXNativeTarget "CinePeakTests" */;
			buildPhases = (
				4356247F2B8976070004F529 /* Sources */,
				435624802B8976070004F529 /* Frameworks */,
				435624812B8976070004F529 /* Resources */,
			);
			buildRules = (
			);
			dependencies = (
				435624852B8976070004F529 /* PBXTargetDependency */,
			);
			name = CinePeakTests;
			productName = CinePeakTests;
			productReference = 435624832B8976070004F529 /* CinePeakTests.xctest */;
			productType = "com.apple.product-type.bundle.unit-test";
		};
/* End PBXNativeTarget section */

/* Begin PBXProject section */
		4356246A2B8976050004F529 /* Project object */ = {
			isa = PBXProject;
			attributes = {
				BuildIndependentTargetsInParallel = 1;
				LastSwiftUpdateCheck = 1520;
				LastUpgradeCheck = 1520;
				TargetAttributes = {
					435624712B8976050004F529 = {
						CreatedOnToolsVersion = 15.2;
					};
					435624822B8976070004F529 = {
						CreatedOnToolsVersion = 15.2;
						TestTargetID = 435624712B8976050004F529;
					};
				};
			};
			buildConfigurationList = 4356246D2B8976050004F529 /* Build configuration list for PBXProject "CinePeak" */;
			compatibilityVersion = "Xcode 14.0";
			developmentRegion = en;
			hasScannedForEncodings = 0;
			knownRegions = (
				en,
				Base,
				"pt-BR",
			);
			mainGroup = 435624692B8976050004F529;
			packageReferences = (
				435148BD2B8BE72400AD6FFF /* XCRemoteSwiftPackageReference "Kingfisher" */,
			);
			productRefGroup = 435624732B8976050004F529 /* Products */;
			projectDirPath = "";
			projectRoot = "";
			targets = (
				435624712B8976050004F529 /* CinePeak */,
				435624822B8976070004F529 /* CinePeakTests */,
			);
		};
/* End PBXProject section */

/* Begin PBXResourcesBuildPhase section */
		435624702B8976050004F529 /* Resources */ = {
			isa = PBXResourcesBuildPhase;
			buildActionMask = 2147483647;
			files = (
				43A379322B8A27000090BC7B /* NetworkKit in Resources */,
				4356247E2B8976070004F529 /* Preview Assets.xcassets in Resources */,
				4356247A2B8976070004F529 /* Assets.xcassets in Resources */,
				43B320E12B8B012D00659A37 /* LaunchScreen.storyboard in Resources */,
				43A9840F2B89870F0093E0E3 /* Localizable.xcstrings in Resources */,
			);
			runOnlyForDeploymentPostprocessing = 0;
		};
		435624812B8976070004F529 /* Resources */ = {
			isa = PBXResourcesBuildPhase;
			buildActionMask = 2147483647;
			files = (
			);
			runOnlyForDeploymentPostprocessing = 0;
		};
/* End PBXResourcesBuildPhase section */

/* Begin PBXSourcesBuildPhase section */
		4356246E2B8976050004F529 /* Sources */ = {
			isa = PBXSourcesBuildPhase;
			buildActionMask = 2147483647;
			files = (
				435624782B8976050004F529 /* PopularMoviesListView.swift in Sources */,
				43EDAC4E2B8A3A6700D2EF44 /* Environment.swift in Sources */,
				435148B92B8BBE4D00AD6FFF /* LoadingState.swift in Sources */,
				435148BC2B8BBF5700AD6FFF /* MoviesRepository.swift in Sources */,
				435624762B8976050004F529 /* CinePeakApp.swift in Sources */,
				43712E9B2B8A90360024B807 /* PopularMoviesListViewModel.swift in Sources */,
				43EDAC522B8A47C500D2EF44 /* MoviesDBApi.swift in Sources */,
				43EDAC542B8A4B5B00D2EF44 /* Movie.swift in Sources */,
				43EDAC562B8A4C3A00D2EF44 /* PaginatedResponse.swift in Sources */,
				43712E982B8A8DB20024B807 /* DependencyContainer.swift in Sources */,
				43712E962B8A8DA60024B807 /* AppCoordinator.swift in Sources */,
			);
			runOnlyForDeploymentPostprocessing = 0;
		};
		4356247F2B8976070004F529 /* Sources */ = {
			isa = PBXSourcesBuildPhase;
			buildActionMask = 2147483647;
			files = (
				435624882B8976070004F529 /* CinePeakTests.swift in Sources */,
			);
			runOnlyForDeploymentPostprocessing = 0;
		};
/* End PBXSourcesBuildPhase section */

/* Begin PBXTargetDependency section */
		435624852B8976070004F529 /* PBXTargetDependency */ = {
			isa = PBXTargetDependency;
			target = 435624712B8976050004F529 /* CinePeak */;
			targetProxy = 435624842B8976070004F529 /* PBXContainerItemProxy */;
		};
/* End PBXTargetDependency section */

/* Begin XCBuildConfiguration section */
		435624952B8976070004F529 /* Debug */ = {
			isa = XCBuildConfiguration;
			baseConfigurationReference = 43A9840C2B8985E00093E0E3 /* Prod.xcconfig */;
			buildSettings = {
				ALWAYS_SEARCH_USER_PATHS = NO;
				ASSETCATALOG_COMPILER_GENERATE_SWIFT_ASSET_SYMBOL_EXTENSIONS = YES;
				CLANG_ANALYZER_NONNULL = YES;
				CLANG_ANALYZER_NUMBER_OBJECT_CONVERSION = YES_AGGRESSIVE;
				CLANG_CXX_LANGUAGE_STANDARD = "gnu++20";
				CLANG_ENABLE_MODULES = YES;
				CLANG_ENABLE_OBJC_ARC = YES;
				CLANG_ENABLE_OBJC_WEAK = YES;
				CLANG_WARN_BLOCK_CAPTURE_AUTORELEASING = YES;
				CLANG_WARN_BOOL_CONVERSION = YES;
				CLANG_WARN_COMMA = YES;
				CLANG_WARN_CONSTANT_CONVERSION = YES;
				CLANG_WARN_DEPRECATED_OBJC_IMPLEMENTATIONS = YES;
				CLANG_WARN_DIRECT_OBJC_ISA_USAGE = YES_ERROR;
				CLANG_WARN_DOCUMENTATION_COMMENTS = YES;
				CLANG_WARN_EMPTY_BODY = YES;
				CLANG_WARN_ENUM_CONVERSION = YES;
				CLANG_WARN_INFINITE_RECURSION = YES;
				CLANG_WARN_INT_CONVERSION = YES;
				CLANG_WARN_NON_LITERAL_NULL_CONVERSION = YES;
				CLANG_WARN_OBJC_IMPLICIT_RETAIN_SELF = YES;
				CLANG_WARN_OBJC_LITERAL_CONVERSION = YES;
				CLANG_WARN_OBJC_ROOT_CLASS = YES_ERROR;
				CLANG_WARN_QUOTED_INCLUDE_IN_FRAMEWORK_HEADER = YES;
				CLANG_WARN_RANGE_LOOP_ANALYSIS = YES;
				CLANG_WARN_STRICT_PROTOTYPES = YES;
				CLANG_WARN_SUSPICIOUS_MOVE = YES;
				CLANG_WARN_UNGUARDED_AVAILABILITY = YES_AGGRESSIVE;
				CLANG_WARN_UNREACHABLE_CODE = YES;
				CLANG_WARN__DUPLICATE_METHOD_MATCH = YES;
				COPY_PHASE_STRIP = NO;
				DEBUG_INFORMATION_FORMAT = dwarf;
				ENABLE_STRICT_OBJC_MSGSEND = YES;
				ENABLE_TESTABILITY = YES;
				ENABLE_USER_SCRIPT_SANDBOXING = YES;
				GCC_C_LANGUAGE_STANDARD = gnu17;
				GCC_DYNAMIC_NO_PIC = NO;
				GCC_NO_COMMON_BLOCKS = YES;
				GCC_OPTIMIZATION_LEVEL = 0;
				GCC_PREPROCESSOR_DEFINITIONS = (
					"DEBUG=1",
					"$(inherited)",
				);
				GCC_WARN_64_TO_32_BIT_CONVERSION = YES;
				GCC_WARN_ABOUT_RETURN_TYPE = YES_ERROR;
				GCC_WARN_UNDECLARED_SELECTOR = YES;
				GCC_WARN_UNINITIALIZED_AUTOS = YES_AGGRESSIVE;
				GCC_WARN_UNUSED_FUNCTION = YES;
				GCC_WARN_UNUSED_VARIABLE = YES;
				LOCALIZATION_PREFERS_STRING_CATALOGS = YES;
				MTL_ENABLE_DEBUG_INFO = INCLUDE_SOURCE;
				MTL_FAST_MATH = YES;
				ONLY_ACTIVE_ARCH = YES;
				SWIFT_ACTIVE_COMPILATION_CONDITIONS = "DEBUG $(inherited)";
				SWIFT_OPTIMIZATION_LEVEL = "-Onone";
			};
			name = Debug;
		};
		435624962B8976070004F529 /* Release */ = {
			isa = XCBuildConfiguration;
			buildSettings = {
				ALWAYS_SEARCH_USER_PATHS = NO;
				ASSETCATALOG_COMPILER_GENERATE_SWIFT_ASSET_SYMBOL_EXTENSIONS = YES;
				CLANG_ANALYZER_NONNULL = YES;
				CLANG_ANALYZER_NUMBER_OBJECT_CONVERSION = YES_AGGRESSIVE;
				CLANG_CXX_LANGUAGE_STANDARD = "gnu++20";
				CLANG_ENABLE_MODULES = YES;
				CLANG_ENABLE_OBJC_ARC = YES;
				CLANG_ENABLE_OBJC_WEAK = YES;
				CLANG_WARN_BLOCK_CAPTURE_AUTORELEASING = YES;
				CLANG_WARN_BOOL_CONVERSION = YES;
				CLANG_WARN_COMMA = YES;
				CLANG_WARN_CONSTANT_CONVERSION = YES;
				CLANG_WARN_DEPRECATED_OBJC_IMPLEMENTATIONS = YES;
				CLANG_WARN_DIRECT_OBJC_ISA_USAGE = YES_ERROR;
				CLANG_WARN_DOCUMENTATION_COMMENTS = YES;
				CLANG_WARN_EMPTY_BODY = YES;
				CLANG_WARN_ENUM_CONVERSION = YES;
				CLANG_WARN_INFINITE_RECURSION = YES;
				CLANG_WARN_INT_CONVERSION = YES;
				CLANG_WARN_NON_LITERAL_NULL_CONVERSION = YES;
				CLANG_WARN_OBJC_IMPLICIT_RETAIN_SELF = YES;
				CLANG_WARN_OBJC_LITERAL_CONVERSION = YES;
				CLANG_WARN_OBJC_ROOT_CLASS = YES_ERROR;
				CLANG_WARN_QUOTED_INCLUDE_IN_FRAMEWORK_HEADER = YES;
				CLANG_WARN_RANGE_LOOP_ANALYSIS = YES;
				CLANG_WARN_STRICT_PROTOTYPES = YES;
				CLANG_WARN_SUSPICIOUS_MOVE = YES;
				CLANG_WARN_UNGUARDED_AVAILABILITY = YES_AGGRESSIVE;
				CLANG_WARN_UNREACHABLE_CODE = YES;
				CLANG_WARN__DUPLICATE_METHOD_MATCH = YES;
				COPY_PHASE_STRIP = NO;
				DEBUG_INFORMATION_FORMAT = "dwarf-with-dsym";
				ENABLE_NS_ASSERTIONS = NO;
				ENABLE_STRICT_OBJC_MSGSEND = YES;
				ENABLE_USER_SCRIPT_SANDBOXING = YES;
				GCC_C_LANGUAGE_STANDARD = gnu17;
				GCC_NO_COMMON_BLOCKS = YES;
				GCC_WARN_64_TO_32_BIT_CONVERSION = YES;
				GCC_WARN_ABOUT_RETURN_TYPE = YES_ERROR;
				GCC_WARN_UNDECLARED_SELECTOR = YES;
				GCC_WARN_UNINITIALIZED_AUTOS = YES_AGGRESSIVE;
				GCC_WARN_UNUSED_FUNCTION = YES;
				GCC_WARN_UNUSED_VARIABLE = YES;
				LOCALIZATION_PREFERS_STRING_CATALOGS = YES;
				MTL_ENABLE_DEBUG_INFO = NO;
				MTL_FAST_MATH = YES;
				SWIFT_COMPILATION_MODE = wholemodule;
			};
			name = Release;
		};
		435624982B8976070004F529 /* Debug */ = {
			isa = XCBuildConfiguration;
			buildSettings = {
				ASSETCATALOG_COMPILER_APPICON_NAME = AppIcon;
				ASSETCATALOG_COMPILER_GLOBAL_ACCENT_COLOR_NAME = AccentColor;
				CODE_SIGN_ENTITLEMENTS = CinePeak/Resources/CinePeak.entitlements;
				CODE_SIGN_STYLE = Automatic;
				CURRENT_PROJECT_VERSION = 1;
				DEVELOPMENT_ASSET_PATHS = "\"CinePeak/Resources/Assets/Preview\"";
				DEVELOPMENT_TEAM = 385J8EY5CD;
				ENABLE_HARDENED_RUNTIME = YES;
				ENABLE_PREVIEWS = YES;
				GENERATE_INFOPLIST_FILE = YES;
				INFOPLIST_FILE = CinePeak/Resources/Info.plist;
				"INFOPLIST_KEY_UIApplicationSceneManifest_Generation[sdk=iphoneos*]" = YES;
				"INFOPLIST_KEY_UIApplicationSceneManifest_Generation[sdk=iphonesimulator*]" = YES;
				"INFOPLIST_KEY_UIApplicationSupportsIndirectInputEvents[sdk=iphoneos*]" = YES;
				"INFOPLIST_KEY_UIApplicationSupportsIndirectInputEvents[sdk=iphonesimulator*]" = YES;
				"INFOPLIST_KEY_UILaunchScreen_Generation[sdk=iphoneos*]" = YES;
				"INFOPLIST_KEY_UILaunchScreen_Generation[sdk=iphonesimulator*]" = YES;
				INFOPLIST_KEY_UILaunchStoryboardName = LaunchScreen.storyboard;
				INFOPLIST_KEY_UIStatusBarHidden = YES;
				"INFOPLIST_KEY_UIStatusBarStyle[sdk=iphoneos*]" = UIStatusBarStyleDefault;
				"INFOPLIST_KEY_UIStatusBarStyle[sdk=iphonesimulator*]" = UIStatusBarStyleDefault;
				INFOPLIST_KEY_UISupportedInterfaceOrientations_iPad = "UIInterfaceOrientationPortrait UIInterfaceOrientationPortraitUpsideDown UIInterfaceOrientationLandscapeLeft UIInterfaceOrientationLandscapeRight";
				INFOPLIST_KEY_UISupportedInterfaceOrientations_iPhone = "UIInterfaceOrientationPortrait UIInterfaceOrientationLandscapeLeft UIInterfaceOrientationLandscapeRight";
				INFOPLIST_OUTPUT_FORMAT = "same-as-input";
				IPHONEOS_DEPLOYMENT_TARGET = 16.0;
				LD_RUNPATH_SEARCH_PATHS = "@executable_path/Frameworks";
				"LD_RUNPATH_SEARCH_PATHS[sdk=macosx*]" = "@executable_path/../Frameworks";
				MACOSX_DEPLOYMENT_TARGET = 14.2;
				MARKETING_VERSION = 1.0;
				PRODUCT_BUNDLE_IDENTIFIER = "com.romulomgasolutions.challenge-freecast";
				PRODUCT_NAME = "$(TARGET_NAME)";
				SDKROOT = auto;
				SUPPORTED_PLATFORMS = "iphoneos iphonesimulator";
				SUPPORTS_MACCATALYST = NO;
				SWIFT_EMIT_LOC_STRINGS = YES;
				SWIFT_VERSION = 5.0;
				TARGETED_DEVICE_FAMILY = "1,2";
			};
			name = Debug;
		};
		435624992B8976070004F529 /* Release */ = {
			isa = XCBuildConfiguration;
			buildSettings = {
				ASSETCATALOG_COMPILER_APPICON_NAME = AppIcon;
				ASSETCATALOG_COMPILER_GLOBAL_ACCENT_COLOR_NAME = AccentColor;
				CODE_SIGN_ENTITLEMENTS = CinePeak/Resources/CinePeak.entitlements;
				CODE_SIGN_STYLE = Automatic;
				CURRENT_PROJECT_VERSION = 1;
				DEVELOPMENT_ASSET_PATHS = "\"CinePeak/Resources/Assets/Preview\"";
				DEVELOPMENT_TEAM = 385J8EY5CD;
				ENABLE_HARDENED_RUNTIME = YES;
				ENABLE_PREVIEWS = YES;
				GENERATE_INFOPLIST_FILE = YES;
				INFOPLIST_FILE = CinePeak/Resources/Info.plist;
				"INFOPLIST_KEY_UIApplicationSceneManifest_Generation[sdk=iphoneos*]" = YES;
				"INFOPLIST_KEY_UIApplicationSceneManifest_Generation[sdk=iphonesimulator*]" = YES;
				"INFOPLIST_KEY_UIApplicationSupportsIndirectInputEvents[sdk=iphoneos*]" = YES;
				"INFOPLIST_KEY_UIApplicationSupportsIndirectInputEvents[sdk=iphonesimulator*]" = YES;
				"INFOPLIST_KEY_UILaunchScreen_Generation[sdk=iphoneos*]" = YES;
				"INFOPLIST_KEY_UILaunchScreen_Generation[sdk=iphonesimulator*]" = YES;
				INFOPLIST_KEY_UILaunchStoryboardName = LaunchScreen.storyboard;
				INFOPLIST_KEY_UIStatusBarHidden = YES;
				"INFOPLIST_KEY_UIStatusBarStyle[sdk=iphoneos*]" = UIStatusBarStyleDefault;
				"INFOPLIST_KEY_UIStatusBarStyle[sdk=iphonesimulator*]" = UIStatusBarStyleDefault;
				INFOPLIST_KEY_UISupportedInterfaceOrientations_iPad = "UIInterfaceOrientationPortrait UIInterfaceOrientationPortraitUpsideDown UIInterfaceOrientationLandscapeLeft UIInterfaceOrientationLandscapeRight";
				INFOPLIST_KEY_UISupportedInterfaceOrientations_iPhone = "UIInterfaceOrientationPortrait UIInterfaceOrientationLandscapeLeft UIInterfaceOrientationLandscapeRight";
				INFOPLIST_OUTPUT_FORMAT = "same-as-input";
				IPHONEOS_DEPLOYMENT_TARGET = 16.0;
				LD_RUNPATH_SEARCH_PATHS = "@executable_path/Frameworks";
				"LD_RUNPATH_SEARCH_PATHS[sdk=macosx*]" = "@executable_path/../Frameworks";
				MACOSX_DEPLOYMENT_TARGET = 14.2;
				MARKETING_VERSION = 1.0;
				PRODUCT_BUNDLE_IDENTIFIER = "com.romulomgasolutions.challenge-freecast";
				PRODUCT_NAME = "$(TARGET_NAME)";
				SDKROOT = auto;
				SUPPORTED_PLATFORMS = "iphoneos iphonesimulator";
				SUPPORTS_MACCATALYST = NO;
				SWIFT_EMIT_LOC_STRINGS = YES;
				SWIFT_VERSION = 5.0;
				TARGETED_DEVICE_FAMILY = "1,2";
			};
			name = Release;
		};
		4356249B2B8976070004F529 /* Debug */ = {
			isa = XCBuildConfiguration;
			buildSettings = {
				ALWAYS_EMBED_SWIFT_STANDARD_LIBRARIES = YES;
				BUNDLE_LOADER = "$(TEST_HOST)";
				CODE_SIGN_STYLE = Automatic;
				CURRENT_PROJECT_VERSION = 1;
				DEVELOPMENT_TEAM = 385J8EY5CD;
				GENERATE_INFOPLIST_FILE = YES;
				IPHONEOS_DEPLOYMENT_TARGET = 16.0;
				MACOSX_DEPLOYMENT_TARGET = 14.2;
				MARKETING_VERSION = 1.0;
				PRODUCT_BUNDLE_IDENTIFIER = "com.romulomgasolutions.challenge-freecast.tests";
				PRODUCT_NAME = "$(TARGET_NAME)";
				SDKROOT = auto;
				SUPPORTED_PLATFORMS = "iphoneos iphonesimulator";
				SUPPORTS_MACCATALYST = NO;
				SWIFT_EMIT_LOC_STRINGS = NO;
				SWIFT_VERSION = 5.0;
				TARGETED_DEVICE_FAMILY = "1,2";
				TEST_HOST = "$(BUILT_PRODUCTS_DIR)/CinePeak.app/$(BUNDLE_EXECUTABLE_FOLDER_PATH)/CinePeak";
			};
			name = Debug;
		};
		4356249C2B8976070004F529 /* Release */ = {
			isa = XCBuildConfiguration;
			buildSettings = {
				ALWAYS_EMBED_SWIFT_STANDARD_LIBRARIES = YES;
				BUNDLE_LOADER = "$(TEST_HOST)";
				CODE_SIGN_STYLE = Automatic;
				CURRENT_PROJECT_VERSION = 1;
				DEVELOPMENT_TEAM = 385J8EY5CD;
				GENERATE_INFOPLIST_FILE = YES;
				IPHONEOS_DEPLOYMENT_TARGET = 16.0;
				MACOSX_DEPLOYMENT_TARGET = 14.2;
				MARKETING_VERSION = 1.0;
				PRODUCT_BUNDLE_IDENTIFIER = "com.romulomgasolutions.challenge-freecast.tests";
				PRODUCT_NAME = "$(TARGET_NAME)";
				SDKROOT = auto;
				SUPPORTED_PLATFORMS = "iphoneos iphonesimulator";
				SUPPORTS_MACCATALYST = NO;
				SWIFT_EMIT_LOC_STRINGS = NO;
				SWIFT_VERSION = 5.0;
				TARGETED_DEVICE_FAMILY = "1,2";
				TEST_HOST = "$(BUILT_PRODUCTS_DIR)/CinePeak.app/$(BUNDLE_EXECUTABLE_FOLDER_PATH)/CinePeak";
			};
			name = Release;
		};
/* End XCBuildConfiguration section */

/* Begin XCConfigurationList section */
		4356246D2B8976050004F529 /* Build configuration list for PBXProject "CinePeak" */ = {
			isa = XCConfigurationList;
			buildConfigurations = (
				435624952B8976070004F529 /* Debug */,
				435624962B8976070004F529 /* Release */,
			);
			defaultConfigurationIsVisible = 0;
			defaultConfigurationName = Release;
		};
		435624972B8976070004F529 /* Build configuration list for PBXNativeTarget "CinePeak" */ = {
			isa = XCConfigurationList;
			buildConfigurations = (
				435624982B8976070004F529 /* Debug */,
				435624992B8976070004F529 /* Release */,
			);
			defaultConfigurationIsVisible = 0;
			defaultConfigurationName = Release;
		};
		4356249A2B8976070004F529 /* Build configuration list for PBXNativeTarget "CinePeakTests" */ = {
			isa = XCConfigurationList;
			buildConfigurations = (
				4356249B2B8976070004F529 /* Debug */,
				4356249C2B8976070004F529 /* Release */,
			);
			defaultConfigurationIsVisible = 0;
			defaultConfigurationName = Release;
		};
/* End XCConfigurationList section */

/* Begin XCRemoteSwiftPackageReference section */
		435148BD2B8BE72400AD6FFF /* XCRemoteSwiftPackageReference "Kingfisher" */ = {
			isa = XCRemoteSwiftPackageReference;
			repositoryURL = "https://github.com/onevcat/Kingfisher";
			requirement = {
				kind = upToNextMinorVersion;
				minimumVersion = 7.11.0;
			};
		};
/* End XCRemoteSwiftPackageReference section */

/* Begin XCSwiftPackageProductDependency section */
		435148BE2B8BE72400AD6FFF /* Kingfisher */ = {
			isa = XCSwiftPackageProductDependency;
			package = 435148BD2B8BE72400AD6FFF /* XCRemoteSwiftPackageReference "Kingfisher" */;
			productName = Kingfisher;
		};
		43A379342B8A276D0090BC7B /* NetworkKit */ = {
			isa = XCSwiftPackageProductDependency;
			productName = NetworkKit;
		};
/* End XCSwiftPackageProductDependency section */
	};
	rootObject = 4356246A2B8976050004F529 /* Project object */;
}
